
Microsoft Visual Studio Solution File, Format Version 12.00
# Visual Studio Version 16
VisualStudioVersion = 16.0.31005.135
MinimumVisualStudioVersion = 10.0.40219.1
Project("{FAE04EC0-301F-11D3-BF4B-00C04F79EFBC}") = "ThinkMoneyTests", "ThinkMoney\ThinkMoneyTests.csproj", "{B263D097-00CA-47DB-A05F-F14F70DE7E61}"
EndProject
Project("{FAE04EC0-301F-11D3-BF4B-00C04F79EFBC}") = "Framework", "Framework\Framework.csproj", "{0C9D6F06-44D0-4597-9C0C-C47DB41A9D53}"
EndProject
Global
	GlobalSection(SolutionConfigurationPlatforms) = preSolution
		Debug|Any CPU = Debug|Any CPU
		Release|Any CPU = Release|Any CPU
	EndGlobalSection
	GlobalSection(ProjectConfigurationPlatforms) = postSolution
		{B263D097-00CA-47DB-A05F-F14F70DE7E61}.Debug|Any CPU.ActiveCfg = Debug|Any CPU
		{B263D097-00CA-47DB-A05F-F14F70DE7E61}.Debug|Any CPU.Build.0 = Debug|Any CPU
		{B263D097-00CA-47DB-A05F-F14F70DE7E61}.Release|Any CPU.ActiveCfg = Release|Any CPU
		{B263D097-00CA-47DB-A05F-F14F70DE7E61}.Release|Any CPU.Build.0 = Release|Any CPU
		{0C9D6F06-44D0-4597-9C0C-C47DB41A9D53}.Debug|Any CPU.ActiveCfg = Debug|Any CPU
		{0C9D6F06-44D0-4597-9C0C-C47DB41A9D53}.Debug|Any CPU.Build.0 = Debug|Any CPU
		{0C9D6F06-44D0-4597-9C0C-C47DB41A9D53}.Release|Any CPU.ActiveCfg = Release|Any CPU
		{0C9D6F06-44D0-4597-9C0C-C47DB41A9D53}.Release|Any CPU.Build.0 = Release|Any CPU
	EndGlobalSection
	GlobalSection(SolutionProperties) = preSolution
		HideSolutionNode = FALSE
	EndGlobalSection
	GlobalSection(ExtensibilityGlobals) = postSolution
		SolutionGuid = {68ABC723-51DA-42A4-A786-D5410F0AFFC9}
	EndGlobalSection
EndGlobal
